
Microsoft Visual Studio Solution File, Format Version 12.00
# Visual Studio Version 17
VisualStudioVersion = 17.5.33516.290
MinimumVisualStudioVersion = 10.0.40219.1
Project("{FAE04EC0-301F-11D3-BF4B-00C04F79EFBC}") = "MSP", "MSP\MSP.csproj", "{0B9A8592-5E4E-4FB1-9624-63406496E23B}"
EndProject
Project("{FAE04EC0-301F-11D3-BF4B-00C04F79EFBC}") = "MSP.Core", "MSP.Core\MSP.Core.csproj", "{2F6F9E7F-855F-4CE2-BF17-745C6E24BEAA}"
EndProject
Project("{FAE04EC0-301F-11D3-BF4B-00C04F79EFBC}") = "MSP.Data", "MSP.Data\MSP.Data.csproj", "{1D1BBAFD-E5BF-485F-9E7B-27B60372819A}"
EndProject
Project("{FAE04EC0-301F-11D3-BF4B-00C04F79EFBC}") = "MSP.Test", "MSP.Test\MSP.Test.csproj", "{B7B2647A-3D1E-4A82-B7E5-6C431965E43B}"
EndProject
Global
	GlobalSection(SolutionConfigurationPlatforms) = preSolution
		Debug|Any CPU = Debug|Any CPU
		Release|Any CPU = Release|Any CPU
	EndGlobalSection
	GlobalSection(ProjectConfigurationPlatforms) = postSolution
		{0B9A8592-5E4E-4FB1-9624-63406496E23B}.Debug|Any CPU.ActiveCfg = Debug|Any CPU
		{0B9A8592-5E4E-4FB1-9624-63406496E23B}.Debug|Any CPU.Build.0 = Debug|Any CPU
		{0B9A8592-5E4E-4FB1-9624-63406496E23B}.Release|Any CPU.ActiveCfg = Release|Any CPU
		{0B9A8592-5E4E-4FB1-9624-63406496E23B}.Release|Any CPU.Build.0 = Release|Any CPU
		{2F6F9E7F-855F-4CE2-BF17-745C6E24BEAA}.Debug|Any CPU.ActiveCfg = Debug|Any CPU
		{2F6F9E7F-855F-4CE2-BF17-745C6E24BEAA}.Debug|Any CPU.Build.0 = Debug|Any CPU
		{2F6F9E7F-855F-4CE2-BF17-745C6E24BEAA}.Release|Any CPU.ActiveCfg = Release|Any CPU
		{2F6F9E7F-855F-4CE2-BF17-745C6E24BEAA}.Release|Any CPU.Build.0 = Release|Any CPU
		{1D1BBAFD-E5BF-485F-9E7B-27B60372819A}.Debug|Any CPU.ActiveCfg = Debug|Any CPU
		{1D1BBAFD-E5BF-485F-9E7B-27B60372819A}.Debug|Any CPU.Build.0 = Debug|Any CPU
		{1D1BBAFD-E5BF-485F-9E7B-27B60372819A}.Release|Any CPU.ActiveCfg = Release|Any CPU
		{1D1BBAFD-E5BF-485F-9E7B-27B60372819A}.Release|Any CPU.Build.0 = Release|Any CPU
		{B7B2647A-3D1E-4A82-B7E5-6C431965E43B}.Debug|Any CPU.ActiveCfg = Debug|Any CPU
		{B7B2647A-3D1E-4A82-B7E5-6C431965E43B}.Debug|Any CPU.Build.0 = Debug|Any CPU
		{B7B2647A-3D1E-4A82-B7E5-6C431965E43B}.Release|Any CPU.ActiveCfg = Release|Any CPU
		{B7B2647A-3D1E-4A82-B7E5-6C431965E43B}.Release|Any CPU.Build.0 = Release|Any CPU
	EndGlobalSection
	GlobalSection(SolutionProperties) = preSolution
		HideSolutionNode = FALSE
	EndGlobalSection
	GlobalSection(ExtensibilityGlobals) = postSolution
		SolutionGuid = {0A85604E-DCEE-47C0-9837-EFD0EEFD2E11}
	EndGlobalSection
EndGlobal
